
Microsoft Visual Studio Solution File, Format Version 12.00
# Visual Studio Version 16
VisualStudioVersion = 16.0.30804.86
MinimumVisualStudioVersion = 10.0.40219.1
Project("{9A19103F-16F7-4668-BE54-9A1E7A4F7556}") = "D2L.Dev.Docs.Render", "Render\D2L.Dev.Docs.Render.csproj", "{8D522B90-048A-4D24-B400-D311EABE5AAA}"
EndProject
Global
	GlobalSection(SolutionConfigurationPlatforms) = preSolution
		Debug|Any CPU = Debug|Any CPU
		Release|Any CPU = Release|Any CPU
	EndGlobalSection
	GlobalSection(ProjectConfigurationPlatforms) = postSolution
		{8D522B90-048A-4D24-B400-D311EABE5AAA}.Debug|Any CPU.ActiveCfg = Debug|Any CPU
		{8D522B90-048A-4D24-B400-D311EABE5AAA}.Debug|Any CPU.Build.0 = Debug|Any CPU
		{8D522B90-048A-4D24-B400-D311EABE5AAA}.Release|Any CPU.ActiveCfg = Release|Any CPU
		{8D522B90-048A-4D24-B400-D311EABE5AAA}.Release|Any CPU.Build.0 = Release|Any CPU
	EndGlobalSection
	GlobalSection(SolutionProperties) = preSolution
		HideSolutionNode = FALSE
	EndGlobalSection
	GlobalSection(ExtensibilityGlobals) = postSolution
		SolutionGuid = {A07F8726-9E48-4E1C-B7BC-79F9E74A6D01}
	EndGlobalSection
EndGlobal
